
Microsoft Visual Studio Solution File, Format Version 12.00
# Visual Studio Version 16
VisualStudioVersion = 16.0.32413.511
MinimumVisualStudioVersion = 10.0.40219.1
Project("{FAE04EC0-301F-11D3-BF4B-00C04F79EFBC}") = "js2cs_Example", "js2cs_Example\js2cs_Example.csproj", "{0942398F-DC97-4645-B899-F698DDB2317D}"
EndProject
Global
	GlobalSection(SolutionConfigurationPlatforms) = preSolution
		Debug|Any CPU = Debug|Any CPU
		Release|Any CPU = Release|Any CPU
	EndGlobalSection
	GlobalSection(ProjectConfigurationPlatforms) = postSolution
		{0942398F-DC97-4645-B899-F698DDB2317D}.Debug|Any CPU.ActiveCfg = Debug|Any CPU
		{0942398F-DC97-4645-B899-F698DDB2317D}.Debug|Any CPU.Build.0 = Debug|Any CPU
		{0942398F-DC97-4645-B899-F698DDB2317D}.Release|Any CPU.ActiveCfg = Release|Any CPU
		{0942398F-DC97-4645-B899-F698DDB2317D}.Release|Any CPU.Build.0 = Release|Any CPU
	EndGlobalSection
	GlobalSection(SolutionProperties) = preSolution
		HideSolutionNode = FALSE
	EndGlobalSection
	GlobalSection(ExtensibilityGlobals) = postSolution
		SolutionGuid = {A319383C-25FB-4D79-BA01-B38454235060}
	EndGlobalSection
EndGlobal
